// !$*UTF8*$!
{
	archiveVersion = 1;
	classes = {
	};
	objectVersion = 46;
	objects = {

/* Begin PBXBuildFile section */
		2C9050361A6E360300E6A7FD /* main.m in Sources */ = {isa = PBXBuildFile; fileRef = 2C9050351A6E360300E6A7FD /* main.m */; };
		2C9050391A6E360300E6A7FD /* AppDelegate.m in Sources */ = {isa = PBXBuildFile; fileRef = 2C9050381A6E360300E6A7FD /* AppDelegate.m */; };
		2C90503C1A6E360300E6A7FD /* ZXTools.xcdatamodeld in Sources */ = {isa = PBXBuildFile; fileRef = 2C90503A1A6E360300E6A7FD /* ZXTools.xcdatamodeld */; };
		2C9050421A6E360300E6A7FD /* Main.storyboard in Resources */ = {isa = PBXBuildFile; fileRef = 2C9050401A6E360300E6A7FD /* Main.storyboard */; };
		2C9050441A6E360300E6A7FD /* Images.xcassets in Resources */ = {isa = PBXBuildFile; fileRef = 2C9050431A6E360300E6A7FD /* Images.xcassets */; };
		2C9050471A6E360300E6A7FD /* LaunchScreen.xib in Resources */ = {isa = PBXBuildFile; fileRef = 2C9050451A6E360300E6A7FD /* LaunchScreen.xib */; };
		2C9050531A6E360400E6A7FD /* ZXToolsTests.m in Sources */ = {isa = PBXBuildFile; fileRef = 2C9050521A6E360400E6A7FD /* ZXToolsTests.m */; };
		2C9050631A6E3E4100E6A7FD /* Foundation.framework in Frameworks */ = {isa = PBXBuildFile; fileRef = 2C9050621A6E3E4100E6A7FD /* Foundation.framework */; };
		2C9050651A6E41A800E6A7FD /* QuartzCore.framework in Frameworks */ = {isa = PBXBuildFile; fileRef = 2C9050641A6E41A800E6A7FD /* QuartzCore.framework */; };
		2C9050A71A6E50AA00E6A7FD /* KTKeyChainHelper.m in Sources */ = {isa = PBXBuildFile; fileRef = 2C9050A61A6E50AA00E6A7FD /* KTKeyChainHelper.m */; };
		2C9050A91A6E515600E6A7FD /* Security.framework in Frameworks */ = {isa = PBXBuildFile; fileRef = 2C9050A81A6E515600E6A7FD /* Security.framework */; };
		9A0F8B8F1C1EB32200E73185 /* UIAlertView+Extend.m in Sources */ = {isa = PBXBuildFile; fileRef = 9A0F8B801C1EB32200E73185 /* UIAlertView+Extend.m */; settings = {ASSET_TAGS = (); }; };
		9A0F8B901C1EB32200E73185 /* UIBarButtonItem+Extend.m in Sources */ = {isa = PBXBuildFile; fileRef = 9A0F8B821C1EB32200E73185 /* UIBarButtonItem+Extend.m */; settings = {ASSET_TAGS = (); }; };
		9A0F8B911C1EB32200E73185 /* UIButton+Extend.m in Sources */ = {isa = PBXBuildFile; fileRef = 9A0F8B841C1EB32200E73185 /* UIButton+Extend.m */; settings = {ASSET_TAGS = (); }; };
		9A0F8B921C1EB32200E73185 /* UIDevice+Machine.m in Sources */ = {isa = PBXBuildFile; fileRef = 9A0F8B861C1EB32200E73185 /* UIDevice+Machine.m */; settings = {ASSET_TAGS = (); }; };
		9A0F8B931C1EB32200E73185 /* UIImage+Extend.m in Sources */ = {isa = PBXBuildFile; fileRef = 9A0F8B881C1EB32200E73185 /* UIImage+Extend.m */; settings = {ASSET_TAGS = (); }; };
		9A0F8B941C1EB32200E73185 /* UILabel+Extend.m in Sources */ = {isa = PBXBuildFile; fileRef = 9A0F8B8A1C1EB32200E73185 /* UILabel+Extend.m */; settings = {ASSET_TAGS = (); }; };
		9A0F8B951C1EB32200E73185 /* UITextField+Extend.m in Sources */ = {isa = PBXBuildFile; fileRef = 9A0F8B8C1C1EB32200E73185 /* UITextField+Extend.m */; settings = {ASSET_TAGS = (); }; };
		9A0F8B961C1EB32200E73185 /* UITextView+Extend.m in Sources */ = {isa = PBXBuildFile; fileRef = 9A0F8B8E1C1EB32200E73185 /* UITextView+Extend.m */; settings = {ASSET_TAGS = (); }; };
		9A0F8B9B1C1EB48C00E73185 /* MBProgressHUD+Extend.m in Sources */ = {isa = PBXBuildFile; fileRef = 9A0F8B9A1C1EB48C00E73185 /* MBProgressHUD+Extend.m */; settings = {ASSET_TAGS = (); }; };
		9A0F8BA51C1EB53900E73185 /* MBProgressHUD.m in Sources */ = {isa = PBXBuildFile; fileRef = 9A0F8BA41C1EB53900E73185 /* MBProgressHUD.m */; settings = {ASSET_TAGS = (); }; };
		9A0F8BB21C1EB7EB00E73185 /* NSDate+Extend.m in Sources */ = {isa = PBXBuildFile; fileRef = 9A0F8BAF1C1EB7EB00E73185 /* NSDate+Extend.m */; settings = {ASSET_TAGS = (); }; };
		9A0F8BB31C1EB7EB00E73185 /* NSString+Extend.m in Sources */ = {isa = PBXBuildFile; fileRef = 9A0F8BB11C1EB7EB00E73185 /* NSString+Extend.m */; settings = {ASSET_TAGS = (); }; };
		9A0F8BBF1C1EB96B00E73185 /* UIScrollView+SVInfiniteScrolling.m in Sources */ = {isa = PBXBuildFile; fileRef = 9A0F8BBC1C1EB96B00E73185 /* UIScrollView+SVInfiniteScrolling.m */; settings = {ASSET_TAGS = (); }; };
		9A0F8BC01C1EB96B00E73185 /* UIScrollView+SVPullToRefresh.m in Sources */ = {isa = PBXBuildFile; fileRef = 9A0F8BBE1C1EB96B00E73185 /* UIScrollView+SVPullToRefresh.m */; settings = {ASSET_TAGS = (); }; };
		9A0F8BD81C1EB9AD00E73185 /* MASCompositeConstraint.m in Sources */ = {isa = PBXBuildFile; fileRef = 9A0F8BC21C1EB9AD00E73185 /* MASCompositeConstraint.m */; settings = {ASSET_TAGS = (); }; };
		9A0F8BD91C1EB9AD00E73185 /* MASConstraint.m in Sources */ = {isa = PBXBuildFile; fileRef = 9A0F8BC41C1EB9AD00E73185 /* MASConstraint.m */; settings = {ASSET_TAGS = (); }; };
		9A0F8BDA1C1EB9AD00E73185 /* MASConstraintMaker.m in Sources */ = {isa = PBXBuildFile; fileRef = 9A0F8BC71C1EB9AD00E73185 /* MASConstraintMaker.m */; settings = {ASSET_TAGS = (); }; };
		9A0F8BDB1C1EB9AD00E73185 /* MASLayoutConstraint.m in Sources */ = {isa = PBXBuildFile; fileRef = 9A0F8BC91C1EB9AD00E73185 /* MASLayoutConstraint.m */; settings = {ASSET_TAGS = (); }; };
		9A0F8BDC1C1EB9AD00E73185 /* MASViewAttribute.m in Sources */ = {isa = PBXBuildFile; fileRef = 9A0F8BCD1C1EB9AD00E73185 /* MASViewAttribute.m */; settings = {ASSET_TAGS = (); }; };
		9A0F8BDD1C1EB9AD00E73185 /* MASViewConstraint.m in Sources */ = {isa = PBXBuildFile; fileRef = 9A0F8BCF1C1EB9AD00E73185 /* MASViewConstraint.m */; settings = {ASSET_TAGS = (); }; };
		9A0F8BDE1C1EB9AD00E73185 /* NSArray+MASAdditions.m in Sources */ = {isa = PBXBuildFile; fileRef = 9A0F8BD11C1EB9AD00E73185 /* NSArray+MASAdditions.m */; settings = {ASSET_TAGS = (); }; };
		9A0F8BDF1C1EB9AD00E73185 /* NSLayoutConstraint+MASDebugAdditions.m in Sources */ = {isa = PBXBuildFile; fileRef = 9A0F8BD41C1EB9AD00E73185 /* NSLayoutConstraint+MASDebugAdditions.m */; settings = {ASSET_TAGS = (); }; };
		9A0F8BE01C1EB9AD00E73185 /* View+MASAdditions.m in Sources */ = {isa = PBXBuildFile; fileRef = 9A0F8BD61C1EB9AD00E73185 /* View+MASAdditions.m */; settings = {ASSET_TAGS = (); }; };
		9A0F8BEF1C1EBADE00E73185 /* AFHTTPSessionManager.m in Sources */ = {isa = PBXBuildFile; fileRef = 9A0F8BE31C1EBADE00E73185 /* AFHTTPSessionManager.m */; settings = {ASSET_TAGS = (); }; };
		9A0F8BF01C1EBADE00E73185 /* AFNetworkReachabilityManager.m in Sources */ = {isa = PBXBuildFile; fileRef = 9A0F8BE61C1EBADE00E73185 /* AFNetworkReachabilityManager.m */; settings = {ASSET_TAGS = (); }; };
		9A0F8BF11C1EBADE00E73185 /* AFSecurityPolicy.m in Sources */ = {isa = PBXBuildFile; fileRef = 9A0F8BE81C1EBADE00E73185 /* AFSecurityPolicy.m */; settings = {ASSET_TAGS = (); }; };
		9A0F8BF21C1EBADE00E73185 /* AFURLRequestSerialization.m in Sources */ = {isa = PBXBuildFile; fileRef = 9A0F8BEA1C1EBADE00E73185 /* AFURLRequestSerialization.m */; settings = {ASSET_TAGS = (); }; };
		9A0F8BF31C1EBADE00E73185 /* AFURLResponseSerialization.m in Sources */ = {isa = PBXBuildFile; fileRef = 9A0F8BEC1C1EBADE00E73185 /* AFURLResponseSerialization.m */; settings = {ASSET_TAGS = (); }; };
		9A0F8BF41C1EBADE00E73185 /* AFURLSessionManager.m in Sources */ = {isa = PBXBuildFile; fileRef = 9A0F8BEE1C1EBADE00E73185 /* AFURLSessionManager.m */; settings = {ASSET_TAGS = (); }; };
		9A0F8BF71C1EBB2800E73185 /* IndexViewController.m in Sources */ = {isa = PBXBuildFile; fileRef = 9A0F8BF61C1EBB2800E73185 /* IndexViewController.m */; settings = {ASSET_TAGS = (); }; };
/* End PBXBuildFile section */

/* Begin PBXContainerItemProxy section */
		2C90504D1A6E360400E6A7FD /* PBXContainerItemProxy */ = {
			isa = PBXContainerItemProxy;
			containerPortal = 2C9050281A6E360300E6A7FD /* Project object */;
			proxyType = 1;
			remoteGlobalIDString = 2C90502F1A6E360300E6A7FD;
			remoteInfo = ZXTools;
		};
/* End PBXContainerItemProxy section */

/* Begin PBXFileReference section */
		2C9050301A6E360300E6A7FD /* ZXTools.app */ = {isa = PBXFileReference; explicitFileType = wrapper.application; includeInIndex = 0; path = ZXTools.app; sourceTree = BUILT_PRODUCTS_DIR; };
		2C9050341A6E360300E6A7FD /* Info.plist */ = {isa = PBXFileReference; lastKnownFileType = text.plist.xml; path = Info.plist; sourceTree = "<group>"; };
		2C9050351A6E360300E6A7FD /* main.m */ = {isa = PBXFileReference; lastKnownFileType = sourcecode.c.objc; path = main.m; sourceTree = "<group>"; };
		2C9050371A6E360300E6A7FD /* AppDelegate.h */ = {isa = PBXFileReference; lastKnownFileType = sourcecode.c.h; path = AppDelegate.h; sourceTree = "<group>"; };
		2C9050381A6E360300E6A7FD /* AppDelegate.m */ = {isa = PBXFileReference; lastKnownFileType = sourcecode.c.objc; path = AppDelegate.m; sourceTree = "<group>"; };
		2C90503B1A6E360300E6A7FD /* ZXTools.xcdatamodel */ = {isa = PBXFileReference; lastKnownFileType = wrapper.xcdatamodel; path = ZXTools.xcdatamodel; sourceTree = "<group>"; };
		2C9050411A6E360300E6A7FD /* Base */ = {isa = PBXFileReference; lastKnownFileType = file.storyboard; name = Base; path = Base.lproj/Main.storyboard; sourceTree = "<group>"; };
		2C9050431A6E360300E6A7FD /* Images.xcassets */ = {isa = PBXFileReference; lastKnownFileType = folder.assetcatalog; path = Images.xcassets; sourceTree = "<group>"; };
		2C9050461A6E360300E6A7FD /* Base */ = {isa = PBXFileReference; lastKnownFileType = file.xib; name = Base; path = Base.lproj/LaunchScreen.xib; sourceTree = "<group>"; };
		2C90504C1A6E360400E6A7FD /* ZXToolsTests.xctest */ = {isa = PBXFileReference; explicitFileType = wrapper.cfbundle; includeInIndex = 0; path = ZXToolsTests.xctest; sourceTree = BUILT_PRODUCTS_DIR; };
		2C9050511A6E360400E6A7FD /* Info.plist */ = {isa = PBXFileReference; lastKnownFileType = text.plist.xml; path = Info.plist; sourceTree = "<group>"; };
		2C9050521A6E360400E6A7FD /* ZXToolsTests.m */ = {isa = PBXFileReference; lastKnownFileType = sourcecode.c.objc; path = ZXToolsTests.m; sourceTree = "<group>"; };
		2C9050621A6E3E4100E6A7FD /* Foundation.framework */ = {isa = PBXFileReference; lastKnownFileType = wrapper.framework; name = Foundation.framework; path = System/Library/Frameworks/Foundation.framework; sourceTree = SDKROOT; };
		2C9050641A6E41A800E6A7FD /* QuartzCore.framework */ = {isa = PBXFileReference; lastKnownFileType = wrapper.framework; name = QuartzCore.framework; path = System/Library/Frameworks/QuartzCore.framework; sourceTree = SDKROOT; };
		2C9050A51A6E50AA00E6A7FD /* KTKeyChainHelper.h */ = {isa = PBXFileReference; fileEncoding = 4; lastKnownFileType = sourcecode.c.h; path = KTKeyChainHelper.h; sourceTree = "<group>"; };
		2C9050A61A6E50AA00E6A7FD /* KTKeyChainHelper.m */ = {isa = PBXFileReference; fileEncoding = 4; lastKnownFileType = sourcecode.c.objc; path = KTKeyChainHelper.m; sourceTree = "<group>"; };
		2C9050A81A6E515600E6A7FD /* Security.framework */ = {isa = PBXFileReference; lastKnownFileType = wrapper.framework; name = Security.framework; path = System/Library/Frameworks/Security.framework; sourceTree = SDKROOT; };
		9A0F8B7F1C1EB32200E73185 /* UIAlertView+Extend.h */ = {isa = PBXFileReference; fileEncoding = 4; lastKnownFileType = sourcecode.c.h; path = "UIAlertView+Extend.h"; sourceTree = "<group>"; };
		9A0F8B801C1EB32200E73185 /* UIAlertView+Extend.m */ = {isa = PBXFileReference; fileEncoding = 4; lastKnownFileType = sourcecode.c.objc; path = "UIAlertView+Extend.m"; sourceTree = "<group>"; };
		9A0F8B811C1EB32200E73185 /* UIBarButtonItem+Extend.h */ = {isa = PBXFileReference; fileEncoding = 4; lastKnownFileType = sourcecode.c.h; path = "UIBarButtonItem+Extend.h"; sourceTree = "<group>"; };
		9A0F8B821C1EB32200E73185 /* UIBarButtonItem+Extend.m */ = {isa = PBXFileReference; fileEncoding = 4; lastKnownFileType = sourcecode.c.objc; path = "UIBarButtonItem+Extend.m"; sourceTree = "<group>"; };
		9A0F8B831C1EB32200E73185 /* UIButton+Extend.h */ = {isa = PBXFileReference; fileEncoding = 4; lastKnownFileType = sourcecode.c.h; path = "UIButton+Extend.h"; sourceTree = "<group>"; };
		9A0F8B841C1EB32200E73185 /* UIButton+Extend.m */ = {isa = PBXFileReference; fileEncoding = 4; lastKnownFileType = sourcecode.c.objc; path = "UIButton+Extend.m"; sourceTree = "<group>"; };
		9A0F8B851C1EB32200E73185 /* UIDevice+Machine.h */ = {isa = PBXFileReference; fileEncoding = 4; lastKnownFileType = sourcecode.c.h; path = "UIDevice+Machine.h"; sourceTree = "<group>"; };
		9A0F8B861C1EB32200E73185 /* UIDevice+Machine.m */ = {isa = PBXFileReference; fileEncoding = 4; lastKnownFileType = sourcecode.c.objc; path = "UIDevice+Machine.m"; sourceTree = "<group>"; };
		9A0F8B871C1EB32200E73185 /* UIImage+Extend.h */ = {isa = PBXFileReference; fileEncoding = 4; lastKnownFileType = sourcecode.c.h; path = "UIImage+Extend.h"; sourceTree = "<group>"; };
		9A0F8B881C1EB32200E73185 /* UIImage+Extend.m */ = {isa = PBXFileReference; fileEncoding = 4; lastKnownFileType = sourcecode.c.objc; path = "UIImage+Extend.m"; sourceTree = "<group>"; };
		9A0F8B891C1EB32200E73185 /* UILabel+Extend.h */ = {isa = PBXFileReference; fileEncoding = 4; lastKnownFileType = sourcecode.c.h; path = "UILabel+Extend.h"; sourceTree = "<group>"; };
		9A0F8B8A1C1EB32200E73185 /* UILabel+Extend.m */ = {isa = PBXFileReference; fileEncoding = 4; lastKnownFileType = sourcecode.c.objc; path = "UILabel+Extend.m"; sourceTree = "<group>"; };
		9A0F8B8B1C1EB32200E73185 /* UITextField+Extend.h */ = {isa = PBXFileReference; fileEncoding = 4; lastKnownFileType = sourcecode.c.h; path = "UITextField+Extend.h"; sourceTree = "<group>"; };
		9A0F8B8C1C1EB32200E73185 /* UITextField+Extend.m */ = {isa = PBXFileReference; fileEncoding = 4; lastKnownFileType = sourcecode.c.objc; path = "UITextField+Extend.m"; sourceTree = "<group>"; };
		9A0F8B8D1C1EB32200E73185 /* UITextView+Extend.h */ = {isa = PBXFileReference; fileEncoding = 4; lastKnownFileType = sourcecode.c.h; path = "UITextView+Extend.h"; sourceTree = "<group>"; };
		9A0F8B8E1C1EB32200E73185 /* UITextView+Extend.m */ = {isa = PBXFileReference; fileEncoding = 4; lastKnownFileType = sourcecode.c.objc; path = "UITextView+Extend.m"; sourceTree = "<group>"; };
		9A0F8B981C1EB44D00E73185 /* Configuration.h */ = {isa = PBXFileReference; lastKnownFileType = sourcecode.c.h; path = Configuration.h; sourceTree = "<group>"; };
		9A0F8B991C1EB48C00E73185 /* MBProgressHUD+Extend.h */ = {isa = PBXFileReference; fileEncoding = 4; lastKnownFileType = sourcecode.c.h; path = "MBProgressHUD+Extend.h"; sourceTree = "<group>"; };
		9A0F8B9A1C1EB48C00E73185 /* MBProgressHUD+Extend.m */ = {isa = PBXFileReference; fileEncoding = 4; lastKnownFileType = sourcecode.c.objc; path = "MBProgressHUD+Extend.m"; sourceTree = "<group>"; };
		9A0F8BA31C1EB53900E73185 /* MBProgressHUD.h */ = {isa = PBXFileReference; fileEncoding = 4; lastKnownFileType = sourcecode.c.h; path = MBProgressHUD.h; sourceTree = "<group>"; };
		9A0F8BA41C1EB53900E73185 /* MBProgressHUD.m */ = {isa = PBXFileReference; fileEncoding = 4; lastKnownFileType = sourcecode.c.objc; path = MBProgressHUD.m; sourceTree = "<group>"; };
		9A0F8BAE1C1EB7EB00E73185 /* NSDate+Extend.h */ = {isa = PBXFileReference; fileEncoding = 4; lastKnownFileType = sourcecode.c.h; path = "NSDate+Extend.h"; sourceTree = "<group>"; };
		9A0F8BAF1C1EB7EB00E73185 /* NSDate+Extend.m */ = {isa = PBXFileReference; fileEncoding = 4; lastKnownFileType = sourcecode.c.objc; path = "NSDate+Extend.m"; sourceTree = "<group>"; };
		9A0F8BB01C1EB7EB00E73185 /* NSString+Extend.h */ = {isa = PBXFileReference; fileEncoding = 4; lastKnownFileType = sourcecode.c.h; path = "NSString+Extend.h"; sourceTree = "<group>"; };
		9A0F8BB11C1EB7EB00E73185 /* NSString+Extend.m */ = {isa = PBXFileReference; fileEncoding = 4; lastKnownFileType = sourcecode.c.objc; path = "NSString+Extend.m"; sourceTree = "<group>"; };
		9A0F8BBA1C1EB96B00E73185 /* SVPullToRefresh.h */ = {isa = PBXFileReference; fileEncoding = 4; lastKnownFileType = sourcecode.c.h; path = SVPullToRefresh.h; sourceTree = "<group>"; };
		9A0F8BBB1C1EB96B00E73185 /* UIScrollView+SVInfiniteScrolling.h */ = {isa = PBXFileReference; fileEncoding = 4; lastKnownFileType = sourcecode.c.h; path = "UIScrollView+SVInfiniteScrolling.h"; sourceTree = "<group>"; };
		9A0F8BBC1C1EB96B00E73185 /* UIScrollView+SVInfiniteScrolling.m */ = {isa = PBXFileReference; fileEncoding = 4; lastKnownFileType = sourcecode.c.objc; path = "UIScrollView+SVInfiniteScrolling.m"; sourceTree = "<group>"; };
		9A0F8BBD1C1EB96B00E73185 /* UIScrollView+SVPullToRefresh.h */ = {isa = PBXFileReference; fileEncoding = 4; lastKnownFileType = sourcecode.c.h; path = "UIScrollView+SVPullToRefresh.h"; sourceTree = "<group>"; };
		9A0F8BBE1C1EB96B00E73185 /* UIScrollView+SVPullToRefresh.m */ = {isa = PBXFileReference; fileEncoding = 4; lastKnownFileType = sourcecode.c.objc; path = "UIScrollView+SVPullToRefresh.m"; sourceTree = "<group>"; };
		9A0F8BC11C1EB9AD00E73185 /* MASCompositeConstraint.h */ = {isa = PBXFileReference; fileEncoding = 4; lastKnownFileType = sourcecode.c.h; path = MASCompositeConstraint.h; sourceTree = "<group>"; };
		9A0F8BC21C1EB9AD00E73185 /* MASCompositeConstraint.m */ = {isa = PBXFileReference; fileEncoding = 4; lastKnownFileType = sourcecode.c.objc; path = MASCompositeConstraint.m; sourceTree = "<group>"; };
		9A0F8BC31C1EB9AD00E73185 /* MASConstraint.h */ = {isa = PBXFileReference; fileEncoding = 4; lastKnownFileType = sourcecode.c.h; path = MASConstraint.h; sourceTree = "<group>"; };
		9A0F8BC41C1EB9AD00E73185 /* MASConstraint.m */ = {isa = PBXFileReference; fileEncoding = 4; lastKnownFileType = sourcecode.c.objc; path = MASConstraint.m; sourceTree = "<group>"; };
		9A0F8BC51C1EB9AD00E73185 /* MASConstraint+Private.h */ = {isa = PBXFileReference; fileEncoding = 4; lastKnownFileType = sourcecode.c.h; path = "MASConstraint+Private.h"; sourceTree = "<group>"; };
		9A0F8BC61C1EB9AD00E73185 /* MASConstraintMaker.h */ = {isa = PBXFileReference; fileEncoding = 4; lastKnownFileType = sourcecode.c.h; path = MASConstraintMaker.h; sourceTree = "<group>"; };
		9A0F8BC71C1EB9AD00E73185 /* MASConstraintMaker.m */ = {isa = PBXFileReference; fileEncoding = 4; lastKnownFileType = sourcecode.c.objc; path = MASConstraintMaker.m; sourceTree = "<group>"; };
		9A0F8BC81C1EB9AD00E73185 /* MASLayoutConstraint.h */ = {isa = PBXFileReference; fileEncoding = 4; lastKnownFileType = sourcecode.c.h; path = MASLayoutConstraint.h; sourceTree = "<group>"; };
		9A0F8BC91C1EB9AD00E73185 /* MASLayoutConstraint.m */ = {isa = PBXFileReference; fileEncoding = 4; lastKnownFileType = sourcecode.c.objc; path = MASLayoutConstraint.m; sourceTree = "<group>"; };
		9A0F8BCA1C1EB9AD00E73185 /* Masonry.h */ = {isa = PBXFileReference; fileEncoding = 4; lastKnownFileType = sourcecode.c.h; path = Masonry.h; sourceTree = "<group>"; };
		9A0F8BCB1C1EB9AD00E73185 /* MASUtilities.h */ = {isa = PBXFileReference; fileEncoding = 4; lastKnownFileType = sourcecode.c.h; path = MASUtilities.h; sourceTree = "<group>"; };
		9A0F8BCC1C1EB9AD00E73185 /* MASViewAttribute.h */ = {isa = PBXFileReference; fileEncoding = 4; lastKnownFileType = sourcecode.c.h; path = MASViewAttribute.h; sourceTree = "<group>"; };
		9A0F8BCD1C1EB9AD00E73185 /* MASViewAttribute.m */ = {isa = PBXFileReference; fileEncoding = 4; lastKnownFileType = sourcecode.c.objc; path = MASViewAttribute.m; sourceTree = "<group>"; };
		9A0F8BCE1C1EB9AD00E73185 /* MASViewConstraint.h */ = {isa = PBXFileReference; fileEncoding = 4; lastKnownFileType = sourcecode.c.h; path = MASViewConstraint.h; sourceTree = "<group>"; };
		9A0F8BCF1C1EB9AD00E73185 /* MASViewConstraint.m */ = {isa = PBXFileReference; fileEncoding = 4; lastKnownFileType = sourcecode.c.objc; path = MASViewConstraint.m; sourceTree = "<group>"; };
		9A0F8BD01C1EB9AD00E73185 /* NSArray+MASAdditions.h */ = {isa = PBXFileReference; fileEncoding = 4; lastKnownFileType = sourcecode.c.h; path = "NSArray+MASAdditions.h"; sourceTree = "<group>"; };
		9A0F8BD11C1EB9AD00E73185 /* NSArray+MASAdditions.m */ = {isa = PBXFileReference; fileEncoding = 4; lastKnownFileType = sourcecode.c.objc; path = "NSArray+MASAdditions.m"; sourceTree = "<group>"; };
		9A0F8BD21C1EB9AD00E73185 /* NSArray+MASShorthandAdditions.h */ = {isa = PBXFileReference; fileEncoding = 4; lastKnownFileType = sourcecode.c.h; path = "NSArray+MASShorthandAdditions.h"; sourceTree = "<group>"; };
		9A0F8BD31C1EB9AD00E73185 /* NSLayoutConstraint+MASDebugAdditions.h */ = {isa = PBXFileReference; fileEncoding = 4; lastKnownFileType = sourcecode.c.h; path = "NSLayoutConstraint+MASDebugAdditions.h"; sourceTree = "<group>"; };
		9A0F8BD41C1EB9AD00E73185 /* NSLayoutConstraint+MASDebugAdditions.m */ = {isa = PBXFileReference; fileEncoding = 4; lastKnownFileType = sourcecode.c.objc; path = "NSLayoutConstraint+MASDebugAdditions.m"; sourceTree = "<group>"; };
		9A0F8BD51C1EB9AD00E73185 /* View+MASAdditions.h */ = {isa = PBXFileReference; fileEncoding = 4; lastKnownFileType = sourcecode.c.h; path = "View+MASAdditions.h"; sourceTree = "<group>"; };
		9A0F8BD61C1EB9AD00E73185 /* View+MASAdditions.m */ = {isa = PBXFileReference; fileEncoding = 4; lastKnownFileType = sourcecode.c.objc; path = "View+MASAdditions.m"; sourceTree = "<group>"; };
		9A0F8BD71C1EB9AD00E73185 /* View+MASShorthandAdditions.h */ = {isa = PBXFileReference; fileEncoding = 4; lastKnownFileType = sourcecode.c.h; path = "View+MASShorthandAdditions.h"; sourceTree = "<group>"; };
		9A0F8BE21C1EBADE00E73185 /* AFHTTPSessionManager.h */ = {isa = PBXFileReference; fileEncoding = 4; lastKnownFileType = sourcecode.c.h; path = AFHTTPSessionManager.h; sourceTree = "<group>"; };
		9A0F8BE31C1EBADE00E73185 /* AFHTTPSessionManager.m */ = {isa = PBXFileReference; fileEncoding = 4; lastKnownFileType = sourcecode.c.objc; path = AFHTTPSessionManager.m; sourceTree = "<group>"; };
		9A0F8BE41C1EBADE00E73185 /* AFNetworking.h */ = {isa = PBXFileReference; fileEncoding = 4; lastKnownFileType = sourcecode.c.h; path = AFNetworking.h; sourceTree = "<group>"; };
		9A0F8BE51C1EBADE00E73185 /* AFNetworkReachabilityManager.h */ = {isa = PBXFileReference; fileEncoding = 4; lastKnownFileType = sourcecode.c.h; path = AFNetworkReachabilityManager.h; sourceTree = "<group>"; };
		9A0F8BE61C1EBADE00E73185 /* AFNetworkReachabilityManager.m */ = {isa = PBXFileReference; fileEncoding = 4; lastKnownFileType = sourcecode.c.objc; path = AFNetworkReachabilityManager.m; sourceTree = "<group>"; };
		9A0F8BE71C1EBADE00E73185 /* AFSecurityPolicy.h */ = {isa = PBXFileReference; fileEncoding = 4; lastKnownFileType = sourcecode.c.h; path = AFSecurityPolicy.h; sourceTree = "<group>"; };
		9A0F8BE81C1EBADE00E73185 /* AFSecurityPolicy.m */ = {isa = PBXFileReference; fileEncoding = 4; lastKnownFileType = sourcecode.c.objc; path = AFSecurityPolicy.m; sourceTree = "<group>"; };
		9A0F8BE91C1EBADE00E73185 /* AFURLRequestSerialization.h */ = {isa = PBXFileReference; fileEncoding = 4; lastKnownFileType = sourcecode.c.h; path = AFURLRequestSerialization.h; sourceTree = "<group>"; };
		9A0F8BEA1C1EBADE00E73185 /* AFURLRequestSerialization.m */ = {isa = PBXFileReference; fileEncoding = 4; lastKnownFileType = sourcecode.c.objc; path = AFURLRequestSerialization.m; sourceTree = "<group>"; };
		9A0F8BEB1C1EBADE00E73185 /* AFURLResponseSerialization.h */ = {isa = PBXFileReference; fileEncoding = 4; lastKnownFileType = sourcecode.c.h; path = AFURLResponseSerialization.h; sourceTree = "<group>"; };
		9A0F8BEC1C1EBADE00E73185 /* AFURLResponseSerialization.m */ = {isa = PBXFileReference; fileEncoding = 4; lastKnownFileType = sourcecode.c.objc; path = AFURLResponseSerialization.m; sourceTree = "<group>"; };
		9A0F8BED1C1EBADE00E73185 /* AFURLSessionManager.h */ = {isa = PBXFileReference; fileEncoding = 4; lastKnownFileType = sourcecode.c.h; path = AFURLSessionManager.h; sourceTree = "<group>"; };
		9A0F8BEE1C1EBADE00E73185 /* AFURLSessionManager.m */ = {isa = PBXFileReference; fileEncoding = 4; lastKnownFileType = sourcecode.c.objc; path = AFURLSessionManager.m; sourceTree = "<group>"; };
		9A0F8BF51C1EBB2800E73185 /* IndexViewController.h */ = {isa = PBXFileReference; fileEncoding = 4; lastKnownFileType = sourcecode.c.h; path = IndexViewController.h; sourceTree = "<group>"; };
		9A0F8BF61C1EBB2800E73185 /* IndexViewController.m */ = {isa = PBXFileReference; fileEncoding = 4; lastKnownFileType = sourcecode.c.objc; path = IndexViewController.m; sourceTree = "<group>"; };
/* End PBXFileReference section */

/* Begin PBXFrameworksBuildPhase section */
		2C90502D1A6E360300E6A7FD /* Frameworks */ = {
			isa = PBXFrameworksBuildPhase;
			buildActionMask = 2147483647;
			files = (
				2C9050A91A6E515600E6A7FD /* Security.framework in Frameworks */,
				2C9050651A6E41A800E6A7FD /* QuartzCore.framework in Frameworks */,
				2C9050631A6E3E4100E6A7FD /* Foundation.framework in Frameworks */,
			);
			runOnlyForDeploymentPostprocessing = 0;
		};
		2C9050491A6E360400E6A7FD /* Frameworks */ = {
			isa = PBXFrameworksBuildPhase;
			buildActionMask = 2147483647;
			files = (
			);
			runOnlyForDeploymentPostprocessing = 0;
		};
/* End PBXFrameworksBuildPhase section */

/* Begin PBXGroup section */
		2C9050271A6E360300E6A7FD = {
			isa = PBXGroup;
			children = (
				2C9050321A6E360300E6A7FD /* ZXTools */,
				2C90504F1A6E360400E6A7FD /* ZXToolsTests */,
				2C9050311A6E360300E6A7FD /* Products */,
			);
			sourceTree = "<group>";
		};
		2C9050311A6E360300E6A7FD /* Products */ = {
			isa = PBXGroup;
			children = (
				2C9050301A6E360300E6A7FD /* ZXTools.app */,
				2C90504C1A6E360400E6A7FD /* ZXToolsTests.xctest */,
			);
			name = Products;
			sourceTree = "<group>";
		};
		2C9050321A6E360300E6A7FD /* ZXTools */ = {
			isa = PBXGroup;
			children = (
				2C9050371A6E360300E6A7FD /* AppDelegate.h */,
				2C9050381A6E360300E6A7FD /* AppDelegate.m */,
				9A0F8BF51C1EBB2800E73185 /* IndexViewController.h */,
				9A0F8BF61C1EBB2800E73185 /* IndexViewController.m */,
				9A0F8B771C1EAD2600E73185 /* Interface */,
				9A0F8B761C1EACD400E73185 /* CommUI */,
				2C90505C1A6E39A600E6A7FD /* Library */,
				2C9050611A6E3DF800E6A7FD /* Framework */,
				2C9050401A6E360300E6A7FD /* Main.storyboard */,
				2C9050431A6E360300E6A7FD /* Images.xcassets */,
				2C9050451A6E360300E6A7FD /* LaunchScreen.xib */,
				2C90503A1A6E360300E6A7FD /* ZXTools.xcdatamodeld */,
				2C9050331A6E360300E6A7FD /* Supporting Files */,
			);
			path = ZXTools;
			sourceTree = "<group>";
		};
		2C9050331A6E360300E6A7FD /* Supporting Files */ = {
			isa = PBXGroup;
			children = (
				2C9050341A6E360300E6A7FD /* Info.plist */,
				2C9050351A6E360300E6A7FD /* main.m */,
			);
			name = "Supporting Files";
			sourceTree = "<group>";
		};
		2C90504F1A6E360400E6A7FD /* ZXToolsTests */ = {
			isa = PBXGroup;
			children = (
				2C9050521A6E360400E6A7FD /* ZXToolsTests.m */,
				2C9050501A6E360400E6A7FD /* Supporting Files */,
			);
			path = ZXToolsTests;
			sourceTree = "<group>";
		};
		2C9050501A6E360400E6A7FD /* Supporting Files */ = {
			isa = PBXGroup;
			children = (
				2C9050511A6E360400E6A7FD /* Info.plist */,
			);
			name = "Supporting Files";
			sourceTree = "<group>";
		};
		2C90505C1A6E39A600E6A7FD /* Library */ = {
			isa = PBXGroup;
			children = (
				9A0F8BE11C1EBA2500E73185 /* AFNetWorking */,
				9A0F8BB61C1EB90A00E73185 /* JsonKit */,
				9A0F8BB51C1EB8F700E73185 /* SVPullToRefresh */,
				9A0F8BB41C1EB8E300E73185 /* Masonry */,
				9A0F8BA21C1EB50100E73185 /* MBProgressHUD */,
				9A0F8B971C1EB35000E73185 /* Configuration */,
				9A0F8B7B1C1EB11800E73185 /* Category */,
				2C9050A41A6E506900E6A7FD /* KTKeyChainHelper */,
			);
			path = Library;
			sourceTree = "<group>";
		};
		2C9050611A6E3DF800E6A7FD /* Framework */ = {
			isa = PBXGroup;
			children = (
				2C9050A81A6E515600E6A7FD /* Security.framework */,
				2C9050641A6E41A800E6A7FD /* QuartzCore.framework */,
				2C9050621A6E3E4100E6A7FD /* Foundation.framework */,
			);
			path = Framework;
			sourceTree = "<group>";
		};
		2C9050A41A6E506900E6A7FD /* KTKeyChainHelper */ = {
			isa = PBXGroup;
			children = (
				2C9050A51A6E50AA00E6A7FD /* KTKeyChainHelper.h */,
				2C9050A61A6E50AA00E6A7FD /* KTKeyChainHelper.m */,
			);
			path = KTKeyChainHelper;
			sourceTree = "<group>";
		};
		9A0F8B761C1EACD400E73185 /* CommUI */ = {
			isa = PBXGroup;
			children = (
			);
			path = CommUI;
			sourceTree = "<group>";
		};
		9A0F8B771C1EAD2600E73185 /* Interface */ = {
			isa = PBXGroup;
			children = (
			);
			path = Interface;
			sourceTree = "<group>";
		};
		9A0F8B7B1C1EB11800E73185 /* Category */ = {
			isa = PBXGroup;
			children = (
				9A0F8B7E1C1EB26600E73185 /* LibContorl */,
				9A0F8B7C1C1EB24000E73185 /* NSObject */,
				9A0F8B7D1C1EB25700E73185 /* UIContorl */,
			);
			path = Category;
			sourceTree = "<group>";
		};
		9A0F8B7C1C1EB24000E73185 /* NSObject */ = {
			isa = PBXGroup;
			children = (
				9A0F8BAE1C1EB7EB00E73185 /* NSDate+Extend.h */,
				9A0F8BAF1C1EB7EB00E73185 /* NSDate+Extend.m */,
				9A0F8BB01C1EB7EB00E73185 /* NSString+Extend.h */,
				9A0F8BB11C1EB7EB00E73185 /* NSString+Extend.m */,
			);
			path = NSObject;
			sourceTree = "<group>";
		};
		9A0F8B7D1C1EB25700E73185 /* UIContorl */ = {
			isa = PBXGroup;
			children = (
				9A0F8B7F1C1EB32200E73185 /* UIAlertView+Extend.h */,
				9A0F8B801C1EB32200E73185 /* UIAlertView+Extend.m */,
				9A0F8B811C1EB32200E73185 /* UIBarButtonItem+Extend.h */,
				9A0F8B821C1EB32200E73185 /* UIBarButtonItem+Extend.m */,
				9A0F8B831C1EB32200E73185 /* UIButton+Extend.h */,
				9A0F8B841C1EB32200E73185 /* UIButton+Extend.m */,
				9A0F8B851C1EB32200E73185 /* UIDevice+Machine.h */,
				9A0F8B861C1EB32200E73185 /* UIDevice+Machine.m */,
				9A0F8B871C1EB32200E73185 /* UIImage+Extend.h */,
				9A0F8B881C1EB32200E73185 /* UIImage+Extend.m */,
				9A0F8B891C1EB32200E73185 /* UILabel+Extend.h */,
				9A0F8B8A1C1EB32200E73185 /* UILabel+Extend.m */,
				9A0F8B8B1C1EB32200E73185 /* UITextField+Extend.h */,
				9A0F8B8C1C1EB32200E73185 /* UITextField+Extend.m */,
				9A0F8B8D1C1EB32200E73185 /* UITextView+Extend.h */,
				9A0F8B8E1C1EB32200E73185 /* UITextView+Extend.m */,
			);
			name = UIContorl;
			path = UIControl;
			sourceTree = "<group>";
		};
		9A0F8B7E1C1EB26600E73185 /* LibContorl */ = {
			isa = PBXGroup;
			children = (
				9A0F8B991C1EB48C00E73185 /* MBProgressHUD+Extend.h */,
				9A0F8B9A1C1EB48C00E73185 /* MBProgressHUD+Extend.m */,
			);
			path = LibContorl;
			sourceTree = "<group>";
		};
		9A0F8B971C1EB35000E73185 /* Configuration */ = {
			isa = PBXGroup;
			children = (
				9A0F8B981C1EB44D00E73185 /* Configuration.h */,
			);
			path = Configuration;
			sourceTree = "<group>";
		};
		9A0F8BA21C1EB50100E73185 /* MBProgressHUD */ = {
			isa = PBXGroup;
			children = (
				9A0F8BA31C1EB53900E73185 /* MBProgressHUD.h */,
				9A0F8BA41C1EB53900E73185 /* MBProgressHUD.m */,
			);
			path = MBProgressHUD;
			sourceTree = "<group>";
		};
		9A0F8BB41C1EB8E300E73185 /* Masonry */ = {
			isa = PBXGroup;
			children = (
				9A0F8BC11C1EB9AD00E73185 /* MASCompositeConstraint.h */,
				9A0F8BC21C1EB9AD00E73185 /* MASCompositeConstraint.m */,
				9A0F8BC31C1EB9AD00E73185 /* MASConstraint.h */,
				9A0F8BC41C1EB9AD00E73185 /* MASConstraint.m */,
				9A0F8BC51C1EB9AD00E73185 /* MASConstraint+Private.h */,
				9A0F8BC61C1EB9AD00E73185 /* MASConstraintMaker.h */,
				9A0F8BC71C1EB9AD00E73185 /* MASConstraintMaker.m */,
				9A0F8BC81C1EB9AD00E73185 /* MASLayoutConstraint.h */,
				9A0F8BC91C1EB9AD00E73185 /* MASLayoutConstraint.m */,
				9A0F8BCA1C1EB9AD00E73185 /* Masonry.h */,
				9A0F8BCB1C1EB9AD00E73185 /* MASUtilities.h */,
				9A0F8BCC1C1EB9AD00E73185 /* MASViewAttribute.h */,
				9A0F8BCD1C1EB9AD00E73185 /* MASViewAttribute.m */,
				9A0F8BCE1C1EB9AD00E73185 /* MASViewConstraint.h */,
				9A0F8BCF1C1EB9AD00E73185 /* MASViewConstraint.m */,
				9A0F8BD01C1EB9AD00E73185 /* NSArray+MASAdditions.h */,
				9A0F8BD11C1EB9AD00E73185 /* NSArray+MASAdditions.m */,
				9A0F8BD21C1EB9AD00E73185 /* NSArray+MASShorthandAdditions.h */,
				9A0F8BD31C1EB9AD00E73185 /* NSLayoutConstraint+MASDebugAdditions.h */,
				9A0F8BD41C1EB9AD00E73185 /* NSLayoutConstraint+MASDebugAdditions.m */,
				9A0F8BD51C1EB9AD00E73185 /* View+MASAdditions.h */,
				9A0F8BD61C1EB9AD00E73185 /* View+MASAdditions.m */,
				9A0F8BD71C1EB9AD00E73185 /* View+MASShorthandAdditions.h */,
			);
			path = Masonry;
			sourceTree = "<group>";
		};
		9A0F8BB51C1EB8F700E73185 /* SVPullToRefresh */ = {
			isa = PBXGroup;
			children = (
				9A0F8BBA1C1EB96B00E73185 /* SVPullToRefresh.h */,
				9A0F8BBB1C1EB96B00E73185 /* UIScrollView+SVInfiniteScrolling.h */,
				9A0F8BBC1C1EB96B00E73185 /* UIScrollView+SVInfiniteScrolling.m */,
				9A0F8BBD1C1EB96B00E73185 /* UIScrollView+SVPullToRefresh.h */,
				9A0F8BBE1C1EB96B00E73185 /* UIScrollView+SVPullToRefresh.m */,
			);
			path = SVPullToRefresh;
			sourceTree = "<group>";
		};
		9A0F8BB61C1EB90A00E73185 /* JsonKit */ = {
			isa = PBXGroup;
			children = (
			);
			path = JsonKit;
			sourceTree = "<group>";
		};
		9A0F8BE11C1EBA2500E73185 /* AFNetWorking */ = {
			isa = PBXGroup;
			children = (
				9A0F8BE21C1EBADE00E73185 /* AFHTTPSessionManager.h */,
				9A0F8BE31C1EBADE00E73185 /* AFHTTPSessionManager.m */,
				9A0F8BE41C1EBADE00E73185 /* AFNetworking.h */,
				9A0F8BE51C1EBADE00E73185 /* AFNetworkReachabilityManager.h */,
				9A0F8BE61C1EBADE00E73185 /* AFNetworkReachabilityManager.m */,
				9A0F8BE71C1EBADE00E73185 /* AFSecurityPolicy.h */,
				9A0F8BE81C1EBADE00E73185 /* AFSecurityPolicy.m */,
				9A0F8BE91C1EBADE00E73185 /* AFURLRequestSerialization.h */,
				9A0F8BEA1C1EBADE00E73185 /* AFURLRequestSerialization.m */,
				9A0F8BEB1C1EBADE00E73185 /* AFURLResponseSerialization.h */,
				9A0F8BEC1C1EBADE00E73185 /* AFURLResponseSerialization.m */,
				9A0F8BED1C1EBADE00E73185 /* AFURLSessionManager.h */,
				9A0F8BEE1C1EBADE00E73185 /* AFURLSessionManager.m */,
			);
			path = AFNetWorking;
			sourceTree = "<group>";
		};
/* End PBXGroup section */

/* Begin PBXNativeTarget section */
		2C90502F1A6E360300E6A7FD /* ZXTools */ = {
			isa = PBXNativeTarget;
			buildConfigurationList = 2C9050561A6E360400E6A7FD /* Build configuration list for PBXNativeTarget "ZXTools" */;
			buildPhases = (
				2C90502C1A6E360300E6A7FD /* Sources */,
				2C90502D1A6E360300E6A7FD /* Frameworks */,
				2C90502E1A6E360300E6A7FD /* Resources */,
			);
			buildRules = (
			);
			dependencies = (
			);
			name = ZXTools;
			productName = ZXTools;
			productReference = 2C9050301A6E360300E6A7FD /* ZXTools.app */;
			productType = "com.apple.product-type.application";
		};
		2C90504B1A6E360400E6A7FD /* ZXToolsTests */ = {
			isa = PBXNativeTarget;
			buildConfigurationList = 2C9050591A6E360400E6A7FD /* Build configuration list for PBXNativeTarget "ZXToolsTests" */;
			buildPhases = (
				2C9050481A6E360400E6A7FD /* Sources */,
				2C9050491A6E360400E6A7FD /* Frameworks */,
				2C90504A1A6E360400E6A7FD /* Resources */,
			);
			buildRules = (
			);
			dependencies = (
				2C90504E1A6E360400E6A7FD /* PBXTargetDependency */,
			);
			name = ZXToolsTests;
			productName = ZXToolsTests;
			productReference = 2C90504C1A6E360400E6A7FD /* ZXToolsTests.xctest */;
			productType = "com.apple.product-type.bundle.unit-test";
		};
/* End PBXNativeTarget section */

/* Begin PBXProject section */
		2C9050281A6E360300E6A7FD /* Project object */ = {
			isa = PBXProject;
			attributes = {
				LastUpgradeCheck = 0610;
				ORGANIZATIONNAME = tarogo;
				TargetAttributes = {
					2C90502F1A6E360300E6A7FD = {
						CreatedOnToolsVersion = 6.1;
					};
					2C90504B1A6E360400E6A7FD = {
						CreatedOnToolsVersion = 6.1;
						TestTargetID = 2C90502F1A6E360300E6A7FD;
					};
				};
			};
			buildConfigurationList = 2C90502B1A6E360300E6A7FD /* Build configuration list for PBXProject "ZXTools" */;
			compatibilityVersion = "Xcode 3.2";
			developmentRegion = English;
			hasScannedForEncodings = 0;
			knownRegions = (
				en,
				Base,
			);
			mainGroup = 2C9050271A6E360300E6A7FD;
			productRefGroup = 2C9050311A6E360300E6A7FD /* Products */;
			projectDirPath = "";
			projectRoot = "";
			targets = (
				2C90502F1A6E360300E6A7FD /* ZXTools */,
				2C90504B1A6E360400E6A7FD /* ZXToolsTests */,
			);
		};
/* End PBXProject section */

/* Begin PBXResourcesBuildPhase section */
		2C90502E1A6E360300E6A7FD /* Resources */ = {
			isa = PBXResourcesBuildPhase;
			buildActionMask = 2147483647;
			files = (
				2C9050421A6E360300E6A7FD /* Main.storyboard in Resources */,
				2C9050471A6E360300E6A7FD /* LaunchScreen.xib in Resources */,
				2C9050441A6E360300E6A7FD /* Images.xcassets in Resources */,
			);
			runOnlyForDeploymentPostprocessing = 0;
		};
		2C90504A1A6E360400E6A7FD /* Resources */ = {
			isa = PBXResourcesBuildPhase;
			buildActionMask = 2147483647;
			files = (
			);
			runOnlyForDeploymentPostprocessing = 0;
		};
/* End PBXResourcesBuildPhase section */

/* Begin PBXSourcesBuildPhase section */
		2C90502C1A6E360300E6A7FD /* Sources */ = {
			isa = PBXSourcesBuildPhase;
			buildActionMask = 2147483647;
			files = (
				2C9050391A6E360300E6A7FD /* AppDelegate.m in Sources */,
				9A0F8B961C1EB32200E73185 /* UITextView+Extend.m in Sources */,
				9A0F8BDE1C1EB9AD00E73185 /* NSArray+MASAdditions.m in Sources */,
				9A0F8BB31C1EB7EB00E73185 /* NSString+Extend.m in Sources */,
				9A0F8BF31C1EBADE00E73185 /* AFURLResponseSerialization.m in Sources */,
				9A0F8BC01C1EB96B00E73185 /* UIScrollView+SVPullToRefresh.m in Sources */,
				9A0F8BD81C1EB9AD00E73185 /* MASCompositeConstraint.m in Sources */,
				9A0F8BEF1C1EBADE00E73185 /* AFHTTPSessionManager.m in Sources */,
				9A0F8BDC1C1EB9AD00E73185 /* MASViewAttribute.m in Sources */,
				9A0F8BD91C1EB9AD00E73185 /* MASConstraint.m in Sources */,
				9A0F8B911C1EB32200E73185 /* UIButton+Extend.m in Sources */,
				9A0F8B9B1C1EB48C00E73185 /* MBProgressHUD+Extend.m in Sources */,
				9A0F8BF11C1EBADE00E73185 /* AFSecurityPolicy.m in Sources */,
				9A0F8B901C1EB32200E73185 /* UIBarButtonItem+Extend.m in Sources */,
				9A0F8BDF1C1EB9AD00E73185 /* NSLayoutConstraint+MASDebugAdditions.m in Sources */,
				9A0F8BDA1C1EB9AD00E73185 /* MASConstraintMaker.m in Sources */,
				2C9050361A6E360300E6A7FD /* main.m in Sources */,
				9A0F8BF41C1EBADE00E73185 /* AFURLSessionManager.m in Sources */,
				9A0F8BA51C1EB53900E73185 /* MBProgressHUD.m in Sources */,
				9A0F8BDB1C1EB9AD00E73185 /* MASLayoutConstraint.m in Sources */,
				9A0F8BDD1C1EB9AD00E73185 /* MASViewConstraint.m in Sources */,
				9A0F8B8F1C1EB32200E73185 /* UIAlertView+Extend.m in Sources */,
				9A0F8B941C1EB32200E73185 /* UILabel+Extend.m in Sources */,
				9A0F8BE01C1EB9AD00E73185 /* View+MASAdditions.m in Sources */,
				9A0F8BF21C1EBADE00E73185 /* AFURLRequestSerialization.m in Sources */,
				9A0F8BF01C1EBADE00E73185 /* AFNetworkReachabilityManager.m in Sources */,
				2C9050A71A6E50AA00E6A7FD /* KTKeyChainHelper.m in Sources */,
				9A0F8B931C1EB32200E73185 /* UIImage+Extend.m in Sources */,
				9A0F8BB21C1EB7EB00E73185 /* NSDate+Extend.m in Sources */,
				9A0F8B951C1EB32200E73185 /* UITextField+Extend.m in Sources */,
				2C90503C1A6E360300E6A7FD /* ZXTools.xcdatamodeld in Sources */,
				9A0F8B921C1EB32200E73185 /* UIDevice+Machine.m in Sources */,
				9A0F8BBF1C1EB96B00E73185 /* UIScrollView+SVInfiniteScrolling.m in Sources */,
				9A0F8BF71C1EBB2800E73185 /* IndexViewController.m in Sources */,
			);
			runOnlyForDeploymentPostprocessing = 0;
		};
		2C9050481A6E360400E6A7FD /* Sources */ = {
			isa = PBXSourcesBuildPhase;
			buildActionMask = 2147483647;
			files = (
				2C9050531A6E360400E6A7FD /* ZXToolsTests.m in Sources */,
			);
			runOnlyForDeploymentPostprocessing = 0;
		};
/* End PBXSourcesBuildPhase section */

/* Begin PBXTargetDependency section */
		2C90504E1A6E360400E6A7FD /* PBXTargetDependency */ = {
			isa = PBXTargetDependency;
			target = 2C90502F1A6E360300E6A7FD /* ZXTools */;
			targetProxy = 2C90504D1A6E360400E6A7FD /* PBXContainerItemProxy */;
		};
/* End PBXTargetDependency section */

/* Begin PBXVariantGroup section */
		2C9050401A6E360300E6A7FD /* Main.storyboard */ = {
			isa = PBXVariantGroup;
			children = (
				2C9050411A6E360300E6A7FD /* Base */,
			);
			name = Main.storyboard;
			sourceTree = "<group>";
		};
		2C9050451A6E360300E6A7FD /* LaunchScreen.xib */ = {
			isa = PBXVariantGroup;
			children = (
				2C9050461A6E360300E6A7FD /* Base */,
			);
			name = LaunchScreen.xib;
			sourceTree = "<group>";
		};
/* End PBXVariantGroup section */

/* Begin XCBuildConfiguration section */
		2C9050541A6E360400E6A7FD /* Debug */ = {
			isa = XCBuildConfiguration;
			buildSettings = {
				ALWAYS_SEARCH_USER_PATHS = NO;
				CLANG_CXX_LANGUAGE_STANDARD = "gnu++0x";
				CLANG_CXX_LIBRARY = "libc++";
				CLANG_ENABLE_MODULES = YES;
				CLANG_ENABLE_OBJC_ARC = YES;
				CLANG_WARN_BOOL_CONVERSION = YES;
				CLANG_WARN_CONSTANT_CONVERSION = YES;
				CLANG_WARN_DIRECT_OBJC_ISA_USAGE = YES_ERROR;
				CLANG_WARN_EMPTY_BODY = YES;
				CLANG_WARN_ENUM_CONVERSION = YES;
				CLANG_WARN_INT_CONVERSION = YES;
				CLANG_WARN_OBJC_ROOT_CLASS = YES_ERROR;
				CLANG_WARN_UNREACHABLE_CODE = YES;
				CLANG_WARN__DUPLICATE_METHOD_MATCH = YES;
				"CODE_SIGN_IDENTITY[sdk=iphoneos*]" = "iPhone Developer";
				COPY_PHASE_STRIP = NO;
				ENABLE_STRICT_OBJC_MSGSEND = YES;
				GCC_C_LANGUAGE_STANDARD = gnu99;
				GCC_DYNAMIC_NO_PIC = NO;
				GCC_OPTIMIZATION_LEVEL = 0;
				GCC_PREPROCESSOR_DEFINITIONS = (
					"DEBUG=1",
					"$(inherited)",
				);
				GCC_SYMBOLS_PRIVATE_EXTERN = NO;
				GCC_WARN_64_TO_32_BIT_CONVERSION = YES;
				GCC_WARN_ABOUT_RETURN_TYPE = YES_ERROR;
				GCC_WARN_UNDECLARED_SELECTOR = YES;
				GCC_WARN_UNINITIALIZED_AUTOS = YES_AGGRESSIVE;
				GCC_WARN_UNUSED_FUNCTION = YES;
				GCC_WARN_UNUSED_VARIABLE = YES;
				IPHONEOS_DEPLOYMENT_TARGET = 8.1;
				MTL_ENABLE_DEBUG_INFO = YES;
				ONLY_ACTIVE_ARCH = YES;
				SDKROOT = iphoneos;
			};
			name = Debug;
		};
		2C9050551A6E360400E6A7FD /* Release */ = {
			isa = XCBuildConfiguration;
			buildSettings = {
				ALWAYS_SEARCH_USER_PATHS = NO;
				CLANG_CXX_LANGUAGE_STANDARD = "gnu++0x";
				CLANG_CXX_LIBRARY = "libc++";
				CLANG_ENABLE_MODULES = YES;
				CLANG_ENABLE_OBJC_ARC = YES;
				CLANG_WARN_BOOL_CONVERSION = YES;
				CLANG_WARN_CONSTANT_CONVERSION = YES;
				CLANG_WARN_DIRECT_OBJC_ISA_USAGE = YES_ERROR;
				CLANG_WARN_EMPTY_BODY = YES;
				CLANG_WARN_ENUM_CONVERSION = YES;
				CLANG_WARN_INT_CONVERSION = YES;
				CLANG_WARN_OBJC_ROOT_CLASS = YES_ERROR;
				CLANG_WARN_UNREACHABLE_CODE = YES;
				CLANG_WARN__DUPLICATE_METHOD_MATCH = YES;
				"CODE_SIGN_IDENTITY[sdk=iphoneos*]" = "iPhone Developer";
				COPY_PHASE_STRIP = YES;
				ENABLE_NS_ASSERTIONS = NO;
				ENABLE_STRICT_OBJC_MSGSEND = YES;
				GCC_C_LANGUAGE_STANDARD = gnu99;
				GCC_WARN_64_TO_32_BIT_CONVERSION = YES;
				GCC_WARN_ABOUT_RETURN_TYPE = YES_ERROR;
				GCC_WARN_UNDECLARED_SELECTOR = YES;
				GCC_WARN_UNINITIALIZED_AUTOS = YES_AGGRESSIVE;
				GCC_WARN_UNUSED_FUNCTION = YES;
				GCC_WARN_UNUSED_VARIABLE = YES;
				IPHONEOS_DEPLOYMENT_TARGET = 8.1;
				MTL_ENABLE_DEBUG_INFO = NO;
				SDKROOT = iphoneos;
				VALIDATE_PRODUCT = YES;
			};
			name = Release;
		};
		2C9050571A6E360400E6A7FD /* Debug */ = {
			isa = XCBuildConfiguration;
			buildSettings = {
				ASSETCATALOG_COMPILER_APPICON_NAME = AppIcon;
				INFOPLIST_FILE = ZXTools/Info.plist;
				LD_RUNPATH_SEARCH_PATHS = "$(inherited) @executable_path/Frameworks";
				PRODUCT_NAME = "$(TARGET_NAME)";
			};
			name = Debug;
		};
		2C9050581A6E360400E6A7FD /* Release */ = {
			isa = XCBuildConfiguration;
			buildSettings = {
				ASSETCATALOG_COMPILER_APPICON_NAME = AppIcon;
				INFOPLIST_FILE = ZXTools/Info.plist;
				LD_RUNPATH_SEARCH_PATHS = "$(inherited) @executable_path/Frameworks";
				PRODUCT_NAME = "$(TARGET_NAME)";
			};
			name = Release;
		};
		2C90505A1A6E360400E6A7FD /* Debug */ = {
			isa = XCBuildConfiguration;
			buildSettings = {
				BUNDLE_LOADER = "$(TEST_HOST)";
				FRAMEWORK_SEARCH_PATHS = (
					"$(SDKROOT)/Developer/Library/Frameworks",
					"$(inherited)",
				);
				GCC_PREPROCESSOR_DEFINITIONS = (
					"DEBUG=1",
					"$(inherited)",
				);
				INFOPLIST_FILE = ZXToolsTests/Info.plist;
				LD_RUNPATH_SEARCH_PATHS = "$(inherited) @executable_path/Frameworks @loader_path/Frameworks";
				PRODUCT_NAME = "$(TARGET_NAME)";
				TEST_HOST = "$(BUILT_PRODUCTS_DIR)/ZXTools.app/ZXTools";
			};
			name = Debug;
		};
		2C90505B1A6E360400E6A7FD /* Release */ = {
			isa = XCBuildConfiguration;
			buildSettings = {
				BUNDLE_LOADER = "$(TEST_HOST)";
				FRAMEWORK_SEARCH_PATHS = (
					"$(SDKROOT)/Developer/Library/Frameworks",
					"$(inherited)",
				);
				INFOPLIST_FILE = ZXToolsTests/Info.plist;
				LD_RUNPATH_SEARCH_PATHS = "$(inherited) @executable_path/Frameworks @loader_path/Frameworks";
				PRODUCT_NAME = "$(TARGET_NAME)";
				TEST_HOST = "$(BUILT_PRODUCTS_DIR)/ZXTools.app/ZXTools";
			};
			name = Release;
		};
/* End XCBuildConfiguration section */

/* Begin XCConfigurationList section */
		2C90502B1A6E360300E6A7FD /* Build configuration list for PBXProject "ZXTools" */ = {
			isa = XCConfigurationList;
			buildConfigurations = (
				2C9050541A6E360400E6A7FD /* Debug */,
				2C9050551A6E360400E6A7FD /* Release */,
			);
			defaultConfigurationIsVisible = 0;
			defaultConfigurationName = Release;
		};
		2C9050561A6E360400E6A7FD /* Build configuration list for PBXNativeTarget "ZXTools" */ = {
			isa = XCConfigurationList;
			buildConfigurations = (
				2C9050571A6E360400E6A7FD /* Debug */,
				2C9050581A6E360400E6A7FD /* Release */,
			);
			defaultConfigurationIsVisible = 0;
			defaultConfigurationName = Release;
		};
		2C9050591A6E360400E6A7FD /* Build configuration list for PBXNativeTarget "ZXToolsTests" */ = {
			isa = XCConfigurationList;
			buildConfigurations = (
				2C90505A1A6E360400E6A7FD /* Debug */,
				2C90505B1A6E360400E6A7FD /* Release */,
			);
			defaultConfigurationIsVisible = 0;
			defaultConfigurationName = Release;
		};
/* End XCConfigurationList section */

/* Begin XCVersionGroup section */
		2C90503A1A6E360300E6A7FD /* ZXTools.xcdatamodeld */ = {
			isa = XCVersionGroup;
			children = (
				2C90503B1A6E360300E6A7FD /* ZXTools.xcdatamodel */,
			);
			currentVersion = 2C90503B1A6E360300E6A7FD /* ZXTools.xcdatamodel */;
			path = ZXTools.xcdatamodeld;
			sourceTree = "<group>";
			versionGroupType = wrapper.xcdatamodel;
		};
/* End XCVersionGroup section */
	};
	rootObject = 2C9050281A6E360300E6A7FD /* Project object */;
}
